
Microsoft Visual Studio Solution File, Format Version 12.00
# Visual Studio Version 17
VisualStudioVersion = 17.1.32328.378
MinimumVisualStudioVersion = 10.0.40219.1
Project("{FAE04EC0-301F-11D3-BF4B-00C04F79EFBC}") = "TradeCategory", "TradeCategory.csproj", "{51096B2E-BFD5-474D-BC6D-5DFDB4DC8449}"
EndProject
Global
	GlobalSection(SolutionConfigurationPlatforms) = preSolution
		Debug|Any CPU = Debug|Any CPU
		Release|Any CPU = Release|Any CPU
	EndGlobalSection
	GlobalSection(ProjectConfigurationPlatforms) = postSolution
		{51096B2E-BFD5-474D-BC6D-5DFDB4DC8449}.Debug|Any CPU.ActiveCfg = Debug|Any CPU
		{51096B2E-BFD5-474D-BC6D-5DFDB4DC8449}.Debug|Any CPU.Build.0 = Debug|Any CPU
		{51096B2E-BFD5-474D-BC6D-5DFDB4DC8449}.Release|Any CPU.ActiveCfg = Release|Any CPU
		{51096B2E-BFD5-474D-BC6D-5DFDB4DC8449}.Release|Any CPU.Build.0 = Release|Any CPU
	EndGlobalSection
	GlobalSection(SolutionProperties) = preSolution
		HideSolutionNode = FALSE
	EndGlobalSection
	GlobalSection(ExtensibilityGlobals) = postSolution
		SolutionGuid = {DBD5E0B5-0EB8-4510-93AD-10C024506686}
	EndGlobalSection
EndGlobal
